
Microsoft Visual Studio Solution File, Format Version 12.00
# Visual Studio Version 16
VisualStudioVersion = 16.0.30104.148
MinimumVisualStudioVersion = 10.0.40219.1
Project("{FAE04EC0-301F-11D3-BF4B-00C04F79EFBC}") = "TTCM-QuanLySanBong", "TTCM-QuanLySanBong\TTCM-QuanLySanBong.csproj", "{ED766CDD-B079-4B69-88C7-37998C7B6307}"
EndProject
Global
	GlobalSection(SolutionConfigurationPlatforms) = preSolution
		Debug|Any CPU = Debug|Any CPU
		Release|Any CPU = Release|Any CPU
	EndGlobalSection
	GlobalSection(ProjectConfigurationPlatforms) = postSolution
		{ED766CDD-B079-4B69-88C7-37998C7B6307}.Debug|Any CPU.ActiveCfg = Debug|Any CPU
		{ED766CDD-B079-4B69-88C7-37998C7B6307}.Debug|Any CPU.Build.0 = Debug|Any CPU
		{ED766CDD-B079-4B69-88C7-37998C7B6307}.Release|Any CPU.ActiveCfg = Release|Any CPU
		{ED766CDD-B079-4B69-88C7-37998C7B6307}.Release|Any CPU.Build.0 = Release|Any CPU
	EndGlobalSection
	GlobalSection(SolutionProperties) = preSolution
		HideSolutionNode = FALSE
	EndGlobalSection
	GlobalSection(ExtensibilityGlobals) = postSolution
		SolutionGuid = {B4438EE9-0A62-471D-A6EE-16D16F706FB4}
	EndGlobalSection
EndGlobal
